
Microsoft Visual Studio Solution File, Format Version 12.00
# Visual Studio 15
VisualStudioVersion = 15.0.27703.2042
MinimumVisualStudioVersion = 10.0.40219.1
Project("{FAE04EC0-301F-11D3-BF4B-00C04F79EFBC}") = "FacebookLogin", "FacebookLogin\FacebookLogin.csproj", "{D7CCC9FC-8FD7-43B6-ADBF-05E2DFA4BEA0}"
EndProject
Global
	GlobalSection(SolutionConfigurationPlatforms) = preSolution
		Debug|Any CPU = Debug|Any CPU
		Release|Any CPU = Release|Any CPU
	EndGlobalSection
	GlobalSection(ProjectConfigurationPlatforms) = postSolution
		{D7CCC9FC-8FD7-43B6-ADBF-05E2DFA4BEA0}.Debug|Any CPU.ActiveCfg = Debug|Any CPU
		{D7CCC9FC-8FD7-43B6-ADBF-05E2DFA4BEA0}.Debug|Any CPU.Build.0 = Debug|Any CPU
		{D7CCC9FC-8FD7-43B6-ADBF-05E2DFA4BEA0}.Release|Any CPU.ActiveCfg = Release|Any CPU
		{D7CCC9FC-8FD7-43B6-ADBF-05E2DFA4BEA0}.Release|Any CPU.Build.0 = Release|Any CPU
	EndGlobalSection
	GlobalSection(SolutionProperties) = preSolution
		HideSolutionNode = FALSE
	EndGlobalSection
	GlobalSection(ExtensibilityGlobals) = postSolution
		SolutionGuid = {26173F08-F8C2-42B8-8D4B-3A4729EAC8FA}
	EndGlobalSection
EndGlobal
